
Microsoft Visual Studio Solution File, Format Version 12.00
# Visual Studio Version 16
VisualStudioVersion = 16.0.30114.105
MinimumVisualStudioVersion = 10.0.40219.1
Project("{FAE04EC0-301F-11D3-BF4B-00C04F79EFBC}") = "DropScript", "DropScript\DropScript.csproj", "{7C9DDAAC-5B8A-4BC5-8DB6-F68FE0B16578}"
EndProject
Project("{FAE04EC0-301F-11D3-BF4B-00C04F79EFBC}") = "DropScript.Repl", "DropScript.Repl\DropScript.Repl.csproj", "{6A6FA066-2216-4A0E-A6FE-6A261766627B}"
EndProject
Project("{FAE04EC0-301F-11D3-BF4B-00C04F79EFBC}") = "DropScript.Test", "DropScript.Test\DropScript.Test.csproj", "{46A63F5B-B93B-4443-8C77-FEEB2EB407D8}"
EndProject
Global
	GlobalSection(SolutionConfigurationPlatforms) = preSolution
		Debug|Any CPU = Debug|Any CPU
		Release|Any CPU = Release|Any CPU
	EndGlobalSection
	GlobalSection(SolutionProperties) = preSolution
		HideSolutionNode = FALSE
	EndGlobalSection
	GlobalSection(ProjectConfigurationPlatforms) = postSolution
		{7C9DDAAC-5B8A-4BC5-8DB6-F68FE0B16578}.Debug|Any CPU.ActiveCfg = Debug|Any CPU
		{7C9DDAAC-5B8A-4BC5-8DB6-F68FE0B16578}.Debug|Any CPU.Build.0 = Debug|Any CPU
		{7C9DDAAC-5B8A-4BC5-8DB6-F68FE0B16578}.Release|Any CPU.ActiveCfg = Release|Any CPU
		{7C9DDAAC-5B8A-4BC5-8DB6-F68FE0B16578}.Release|Any CPU.Build.0 = Release|Any CPU
		{6A6FA066-2216-4A0E-A6FE-6A261766627B}.Debug|Any CPU.ActiveCfg = Debug|Any CPU
		{6A6FA066-2216-4A0E-A6FE-6A261766627B}.Debug|Any CPU.Build.0 = Debug|Any CPU
		{6A6FA066-2216-4A0E-A6FE-6A261766627B}.Release|Any CPU.ActiveCfg = Release|Any CPU
		{6A6FA066-2216-4A0E-A6FE-6A261766627B}.Release|Any CPU.Build.0 = Release|Any CPU
		{46A63F5B-B93B-4443-8C77-FEEB2EB407D8}.Debug|Any CPU.ActiveCfg = Debug|Any CPU
		{46A63F5B-B93B-4443-8C77-FEEB2EB407D8}.Debug|Any CPU.Build.0 = Debug|Any CPU
		{46A63F5B-B93B-4443-8C77-FEEB2EB407D8}.Release|Any CPU.ActiveCfg = Release|Any CPU
		{46A63F5B-B93B-4443-8C77-FEEB2EB407D8}.Release|Any CPU.Build.0 = Release|Any CPU
	EndGlobalSection
EndGlobal
